
Microsoft Visual Studio Solution File, Format Version 12.00
# Visual Studio 15
VisualStudioVersion = 15.0.27703.2000
MinimumVisualStudioVersion = 10.0.40219.1
Project("{FAE04EC0-301F-11D3-BF4B-00C04F79EFBC}") = "PainterForm", "PainterForm\PainterForm.csproj", "{666237BC-75DC-4EEB-9F48-B3FFDC2DE6F1}"
EndProject
Global
	GlobalSection(SolutionConfigurationPlatforms) = preSolution
		Debug|Any CPU = Debug|Any CPU
		Release|Any CPU = Release|Any CPU
	EndGlobalSection
	GlobalSection(ProjectConfigurationPlatforms) = postSolution
		{666237BC-75DC-4EEB-9F48-B3FFDC2DE6F1}.Debug|Any CPU.ActiveCfg = Debug|Any CPU
		{666237BC-75DC-4EEB-9F48-B3FFDC2DE6F1}.Debug|Any CPU.Build.0 = Debug|Any CPU
		{666237BC-75DC-4EEB-9F48-B3FFDC2DE6F1}.Release|Any CPU.ActiveCfg = Release|Any CPU
		{666237BC-75DC-4EEB-9F48-B3FFDC2DE6F1}.Release|Any CPU.Build.0 = Release|Any CPU
	EndGlobalSection
	GlobalSection(SolutionProperties) = preSolution
		HideSolutionNode = FALSE
	EndGlobalSection
	GlobalSection(ExtensibilityGlobals) = postSolution
		SolutionGuid = {5ABCEEE2-5424-49E8-AD90-E09895D18536}
	EndGlobalSection
EndGlobal
